// !$*UTF8*$!
{
	archiveVersion = 1;
	classes = {
	};
	objectVersion = 56;
	objects = {

/* Begin PBXBuildFile section */
		6520A6BB2BB37BFC004C1DE7 /* LocalStore.swift in Sources */ = {isa = PBXBuildFile; fileRef = 6520A6BA2BB37BFC004C1DE7 /* LocalStore.swift */; };
		6520A6BD2BB37C86004C1DE7 /* LocalTodo.swift in Sources */ = {isa = PBXBuildFile; fileRef = 6520A6BC2BB37C86004C1DE7 /* LocalTodo.swift */; };
		6520A6C02BB3825D004C1DE7 /* LocalTodoLoader.swift in Sources */ = {isa = PBXBuildFile; fileRef = 6520A6BF2BB3825D004C1DE7 /* LocalTodoLoader.swift */; };
		6520A6C22BB383C1004C1DE7 /* TodoCache.swift in Sources */ = {isa = PBXBuildFile; fileRef = 6520A6C12BB383C1004C1DE7 /* TodoCache.swift */; };
		6520A6C52BB388BB004C1DE7 /* CodableTodoStore.swift in Sources */ = {isa = PBXBuildFile; fileRef = 6520A6C42BB388BB004C1DE7 /* CodableTodoStore.swift */; };
		6520A6C82BB39507004C1DE7 /* MainQueueDecorator.swift in Sources */ = {isa = PBXBuildFile; fileRef = 6520A6C72BB39507004C1DE7 /* MainQueueDecorator.swift */; };
		6520A6CA2BB399ED004C1DE7 /* TodoCacheDecorator.swift in Sources */ = {isa = PBXBuildFile; fileRef = 6520A6C92BB399ED004C1DE7 /* TodoCacheDecorator.swift */; };
		6520A6CC2BB39CBD004C1DE7 /* TodoLoaderWithFallBackComposite.swift in Sources */ = {isa = PBXBuildFile; fileRef = 6520A6CB2BB39CBD004C1DE7 /* TodoLoaderWithFallBackComposite.swift */; };
		6520A6CE2BB3CA68004C1DE7 /* TodoMover.h in Headers */ = {isa = PBXBuildFile; fileRef = 6520A6CD2BB3CA68004C1DE7 /* TodoMover.h */; settings = {ATTRIBUTES = (Public, ); }; };
		6520A6D12BB3CAE1004C1DE7 /* TodoManager+TodoMover.h in Headers */ = {isa = PBXBuildFile; fileRef = 6520A6D02BB3CAE1004C1DE7 /* TodoManager+TodoMover.h */; settings = {ATTRIBUTES = (Public, ); }; };
		6520A6D32BB3CB5B004C1DE7 /* TodoManager+TodoMover.m in Sources */ = {isa = PBXBuildFile; fileRef = 6520A6D22BB3CB5B004C1DE7 /* TodoManager+TodoMover.m */; };
		6524C8002BA3478900B7302D /* AppDelegate.swift in Sources */ = {isa = PBXBuildFile; fileRef = 6524C7FF2BA3478900B7302D /* AppDelegate.swift */; };
		6524C8022BA3478900B7302D /* SceneDelegate.swift in Sources */ = {isa = PBXBuildFile; fileRef = 6524C8012BA3478900B7302D /* SceneDelegate.swift */; };
		6524C8092BA3478D00B7302D /* Assets.xcassets in Resources */ = {isa = PBXBuildFile; fileRef = 6524C8082BA3478D00B7302D /* Assets.xcassets */; };
		6524C80C2BA3478D00B7302D /* Base in Resources */ = {isa = PBXBuildFile; fileRef = 6524C80B2BA3478D00B7302D /* Base */; };
		6524C8202BA347ED00B7302D /* TodoShared.framework in Frameworks */ = {isa = PBXBuildFile; fileRef = 6524C8182BA347ED00B7302D /* TodoShared.framework */; };
		6524C8282BA347ED00B7302D /* TodoShared.h in Headers */ = {isa = PBXBuildFile; fileRef = 6524C81A2BA347ED00B7302D /* TodoShared.h */; settings = {ATTRIBUTES = (Public, ); }; };
		6524C82B2BA347ED00B7302D /* TodoShared.framework in Frameworks */ = {isa = PBXBuildFile; fileRef = 6524C8182BA347ED00B7302D /* TodoShared.framework */; };
		6524C82C2BA347ED00B7302D /* TodoShared.framework in Embed Frameworks */ = {isa = PBXBuildFile; fileRef = 6524C8182BA347ED00B7302D /* TodoShared.framework */; settings = {ATTRIBUTES = (CodeSignOnCopy, RemoveHeadersOnCopy, ); }; };
		6524C8362BA3495600B7302D /* ToDoManagerTests+Create.swift in Sources */ = {isa = PBXBuildFile; fileRef = 6524C8352BA3495600B7302D /* ToDoManagerTests+Create.swift */; };
		6524C83B2BA349FB00B7302D /* Todo.h in Headers */ = {isa = PBXBuildFile; fileRef = 6524C8372BA349FB00B7302D /* Todo.h */; settings = {ATTRIBUTES = (Public, ); }; };
		6524C83C2BA349FB00B7302D /* Todo.m in Sources */ = {isa = PBXBuildFile; fileRef = 6524C8382BA349FB00B7302D /* Todo.m */; };
		6524C8432BA34B2600B7302D /* TodoAdder.h in Headers */ = {isa = PBXBuildFile; fileRef = 6524C83E2BA34B2600B7302D /* TodoAdder.h */; settings = {ATTRIBUTES = (Public, ); }; };
		6524C8442BA34B2600B7302D /* TodoDeleter.h in Headers */ = {isa = PBXBuildFile; fileRef = 6524C83F2BA34B2600B7302D /* TodoDeleter.h */; settings = {ATTRIBUTES = (Public, ); }; };
		6524C8452BA34B2600B7302D /* TodoLoader.h in Headers */ = {isa = PBXBuildFile; fileRef = 6524C8402BA34B2600B7302D /* TodoLoader.h */; settings = {ATTRIBUTES = (Public, ); }; };
		6524C8462BA34B2600B7302D /* TodoStatusUpdater.h in Headers */ = {isa = PBXBuildFile; fileRef = 6524C8412BA34B2600B7302D /* TodoStatusUpdater.h */; settings = {ATTRIBUTES = (Public, ); }; };
		6524C84C2BA34BDE00B7302D /* TodoManager.h in Headers */ = {isa = PBXBuildFile; fileRef = 6524C84B2BA34BDE00B7302D /* TodoManager.h */; settings = {ATTRIBUTES = (Public, ); }; };
		6524C84E2BA34BEB00B7302D /* TodoManager.m in Sources */ = {isa = PBXBuildFile; fileRef = 6524C84D2BA34BEB00B7302D /* TodoManager.m */; };
		6524C8512BA34C4A00B7302D /* TodoManager+TodoCreator.h in Headers */ = {isa = PBXBuildFile; fileRef = 6524C84F2BA34C4A00B7302D /* TodoManager+TodoCreator.h */; settings = {ATTRIBUTES = (Public, ); }; };
		6524C8522BA34C4A00B7302D /* TodoManager+TodoCreator.m in Sources */ = {isa = PBXBuildFile; fileRef = 6524C8502BA34C4A00B7302D /* TodoManager+TodoCreator.m */; };
		6524C8572BA34E5400B7302D /* TodoManager+TodoLoader.h in Headers */ = {isa = PBXBuildFile; fileRef = 6524C8552BA34E5400B7302D /* TodoManager+TodoLoader.h */; settings = {ATTRIBUTES = (Public, ); }; };
		6524C8582BA34E5400B7302D /* TodoManager+TodoLoader.m in Sources */ = {isa = PBXBuildFile; fileRef = 6524C8562BA34E5400B7302D /* TodoManager+TodoLoader.m */; };
		6524C85A2BA34E9E00B7302D /* ToDoManagerTests+Loader.swift in Sources */ = {isa = PBXBuildFile; fileRef = 6524C8592BA34E9E00B7302D /* ToDoManagerTests+Loader.swift */; };
		6524C85C2BA34F0900B7302D /* Helpers.swift in Sources */ = {isa = PBXBuildFile; fileRef = 6524C85B2BA34F0900B7302D /* Helpers.swift */; };
		6524C85E2BA3527300B7302D /* TodoManager+TodoDeleter.h in Headers */ = {isa = PBXBuildFile; fileRef = 6524C85D2BA3527300B7302D /* TodoManager+TodoDeleter.h */; settings = {ATTRIBUTES = (Public, ); }; };
		6524C8602BA352B000B7302D /* TodoManager+TodoDeleter.m in Sources */ = {isa = PBXBuildFile; fileRef = 6524C85F2BA352B000B7302D /* TodoManager+TodoDeleter.m */; };
		6524C8622BA35A0500B7302D /* ToDoManagerTests+Deleter.swift in Sources */ = {isa = PBXBuildFile; fileRef = 6524C8612BA35A0500B7302D /* ToDoManagerTests+Deleter.swift */; };
		6524C8642BA3A7AD00B7302D /* ToDoManagerTests+NameUpdater.swift in Sources */ = {isa = PBXBuildFile; fileRef = 6524C8632BA3A7AD00B7302D /* ToDoManagerTests+NameUpdater.swift */; };
		6524C8662BA3AD6E00B7302D /* TodoManager+TodoStatusUpdater.h in Headers */ = {isa = PBXBuildFile; fileRef = 6524C8652BA3AD6E00B7302D /* TodoManager+TodoStatusUpdater.h */; settings = {ATTRIBUTES = (Public, ); }; };
		6524C8682BA3ADB500B7302D /* TodoManager+TodoStatusUpdater.m in Sources */ = {isa = PBXBuildFile; fileRef = 6524C8672BA3ADB500B7302D /* TodoManager+TodoStatusUpdater.m */; };
		6524C86E2BA3BFEE00B7302D /* TodoNameUpdater.h in Headers */ = {isa = PBXBuildFile; fileRef = 6524C86D2BA3BFEE00B7302D /* TodoNameUpdater.h */; settings = {ATTRIBUTES = (Public, ); }; };
		6524C8702BA3C0A100B7302D /* TodoManager+TodoNameUpdater.h in Headers */ = {isa = PBXBuildFile; fileRef = 6524C86F2BA3C0A100B7302D /* TodoManager+TodoNameUpdater.h */; settings = {ATTRIBUTES = (Public, ); }; };
		6524C8722BA3C0BC00B7302D /* TodoManager+TodoNameUpdater.m in Sources */ = {isa = PBXBuildFile; fileRef = 6524C8712BA3C0BC00B7302D /* TodoManager+TodoNameUpdater.m */; };
		6524C8742BA3C6EE00B7302D /* ToDoManagerTests+StatusUpdater.swift in Sources */ = {isa = PBXBuildFile; fileRef = 6524C8732BA3C6EE00B7302D /* ToDoManagerTests+StatusUpdater.swift */; };
		6524C8772BA3E95700B7302D /* TodoListViewModel.swift in Sources */ = {isa = PBXBuildFile; fileRef = 6524C8762BA3E95700B7302D /* TodoListViewModel.swift */; };
		6524C8792BA3EAEB00B7302D /* Helpers.swift in Sources */ = {isa = PBXBuildFile; fileRef = 6524C8782BA3EAEB00B7302D /* Helpers.swift */; };
		6524C8802BA3EC7B00B7302D /* IndexPath+Helper.swift in Sources */ = {isa = PBXBuildFile; fileRef = 6524C87C2BA3EC7B00B7302D /* IndexPath+Helper.swift */; };
		6524C8812BA3EC7B00B7302D /* MainTodoListViewController.swift in Sources */ = {isa = PBXBuildFile; fileRef = 6524C87D2BA3EC7B00B7302D /* MainTodoListViewController.swift */; };
		6524C8822BA3EC7B00B7302D /* TodoCell.swift in Sources */ = {isa = PBXBuildFile; fileRef = 6524C87E2BA3EC7B00B7302D /* TodoCell.swift */; };
		6524C8892BA3F35B00B7302D /* AddTodoViewModel.swift in Sources */ = {isa = PBXBuildFile; fileRef = 6524C8852BA3F35B00B7302D /* AddTodoViewModel.swift */; };
		6524C88B2BA3F35B00B7302D /* EditTodoViewModel.swift in Sources */ = {isa = PBXBuildFile; fileRef = 6524C8872BA3F35B00B7302D /* EditTodoViewModel.swift */; };
		6524C88C2BA3F35B00B7302D /* AddSubTodoViewModel.swift in Sources */ = {isa = PBXBuildFile; fileRef = 6524C8882BA3F35B00B7302D /* AddSubTodoViewModel.swift */; };
		6524C8902BA3F3EC00B7302D /* AddTodoView.swift in Sources */ = {isa = PBXBuildFile; fileRef = 6524C88E2BA3F3EB00B7302D /* AddTodoView.swift */; };
		6524C8912BA3F3EC00B7302D /* AddSubTodoView.swift in Sources */ = {isa = PBXBuildFile; fileRef = 6524C88F2BA3F3EB00B7302D /* AddSubTodoView.swift */; };
		6524C8932BA3F3F500B7302D /* EditTodoView.swift in Sources */ = {isa = PBXBuildFile; fileRef = 6524C8922BA3F3F500B7302D /* EditTodoView.swift */; };
/* End PBXBuildFile section */

/* Begin PBXContainerItemProxy section */
		6524C8212BA347ED00B7302D /* PBXContainerItemProxy */ = {
			isa = PBXContainerItemProxy;
			containerPortal = 6524C7F42BA3478900B7302D /* Project object */;
			proxyType = 1;
			remoteGlobalIDString = 6524C8172BA347ED00B7302D;
			remoteInfo = TodoShared;
		};
		6524C8232BA347ED00B7302D /* PBXContainerItemProxy */ = {
			isa = PBXContainerItemProxy;
			containerPortal = 6524C7F42BA3478900B7302D /* Project object */;
			proxyType = 1;
			remoteGlobalIDString = 6524C7FB2BA3478900B7302D;
			remoteInfo = RecursiveToDo;
		};
		6524C8292BA347ED00B7302D /* PBXContainerItemProxy */ = {
			isa = PBXContainerItemProxy;
			containerPortal = 6524C7F42BA3478900B7302D /* Project object */;
			proxyType = 1;
			remoteGlobalIDString = 6524C8172BA347ED00B7302D;
			remoteInfo = TodoShared;
		};
/* End PBXContainerItemProxy section */

/* Begin PBXCopyFilesBuildPhase section */
		6524C8302BA347ED00B7302D /* Embed Frameworks */ = {
			isa = PBXCopyFilesBuildPhase;
			buildActionMask = 2147483647;
			dstPath = "";
			dstSubfolderSpec = 10;
			files = (
				6524C82C2BA347ED00B7302D /* TodoShared.framework in Embed Frameworks */,
			);
			name = "Embed Frameworks";
			runOnlyForDeploymentPostprocessing = 0;
		};
/* End PBXCopyFilesBuildPhase section */

/* Begin PBXFileReference section */
		6520A6BA2BB37BFC004C1DE7 /* LocalStore.swift */ = {isa = PBXFileReference; lastKnownFileType = sourcecode.swift; path = LocalStore.swift; sourceTree = "<group>"; };
		6520A6BC2BB37C86004C1DE7 /* LocalTodo.swift */ = {isa = PBXFileReference; lastKnownFileType = sourcecode.swift; path = LocalTodo.swift; sourceTree = "<group>"; };
		6520A6BF2BB3825D004C1DE7 /* LocalTodoLoader.swift */ = {isa = PBXFileReference; lastKnownFileType = sourcecode.swift; path = LocalTodoLoader.swift; sourceTree = "<group>"; };
		6520A6C12BB383C1004C1DE7 /* TodoCache.swift */ = {isa = PBXFileReference; lastKnownFileType = sourcecode.swift; path = TodoCache.swift; sourceTree = "<group>"; };
		6520A6C42BB388BB004C1DE7 /* CodableTodoStore.swift */ = {isa = PBXFileReference; lastKnownFileType = sourcecode.swift; path = CodableTodoStore.swift; sourceTree = "<group>"; };
		6520A6C72BB39507004C1DE7 /* MainQueueDecorator.swift */ = {isa = PBXFileReference; lastKnownFileType = sourcecode.swift; path = MainQueueDecorator.swift; sourceTree = "<group>"; };
		6520A6C92BB399ED004C1DE7 /* TodoCacheDecorator.swift */ = {isa = PBXFileReference; lastKnownFileType = sourcecode.swift; path = TodoCacheDecorator.swift; sourceTree = "<group>"; };
		6520A6CB2BB39CBD004C1DE7 /* TodoLoaderWithFallBackComposite.swift */ = {isa = PBXFileReference; lastKnownFileType = sourcecode.swift; path = TodoLoaderWithFallBackComposite.swift; sourceTree = "<group>"; };
		6520A6CD2BB3CA68004C1DE7 /* TodoMover.h */ = {isa = PBXFileReference; fileEncoding = 4; lastKnownFileType = sourcecode.c.h; path = TodoMover.h; sourceTree = "<group>"; };
		6520A6D02BB3CAE1004C1DE7 /* TodoManager+TodoMover.h */ = {isa = PBXFileReference; fileEncoding = 4; lastKnownFileType = sourcecode.c.h; path = "TodoManager+TodoMover.h"; sourceTree = "<group>"; };
		6520A6D22BB3CB5B004C1DE7 /* TodoManager+TodoMover.m */ = {isa = PBXFileReference; fileEncoding = 4; lastKnownFileType = sourcecode.c.objc; path = "TodoManager+TodoMover.m"; sourceTree = "<group>"; };
		6524C7FC2BA3478900B7302D /* RecursiveToDo.app */ = {isa = PBXFileReference; explicitFileType = wrapper.application; includeInIndex = 0; path = RecursiveToDo.app; sourceTree = BUILT_PRODUCTS_DIR; };
		6524C7FF2BA3478900B7302D /* AppDelegate.swift */ = {isa = PBXFileReference; lastKnownFileType = sourcecode.swift; path = AppDelegate.swift; sourceTree = "<group>"; };
		6524C8012BA3478900B7302D /* SceneDelegate.swift */ = {isa = PBXFileReference; lastKnownFileType = sourcecode.swift; path = SceneDelegate.swift; sourceTree = "<group>"; };
		6524C8082BA3478D00B7302D /* Assets.xcassets */ = {isa = PBXFileReference; lastKnownFileType = folder.assetcatalog; path = Assets.xcassets; sourceTree = "<group>"; };
		6524C80B2BA3478D00B7302D /* Base */ = {isa = PBXFileReference; lastKnownFileType = file.storyboard; name = Base; path = Base.lproj/LaunchScreen.storyboard; sourceTree = "<group>"; };
		6524C80D2BA3478D00B7302D /* Info.plist */ = {isa = PBXFileReference; lastKnownFileType = text.plist.xml; path = Info.plist; sourceTree = "<group>"; };
		6524C8182BA347ED00B7302D /* TodoShared.framework */ = {isa = PBXFileReference; explicitFileType = wrapper.framework; includeInIndex = 0; path = TodoShared.framework; sourceTree = BUILT_PRODUCTS_DIR; };
		6524C81A2BA347ED00B7302D /* TodoShared.h */ = {isa = PBXFileReference; lastKnownFileType = sourcecode.c.h; path = TodoShared.h; sourceTree = "<group>"; };
		6524C81F2BA347ED00B7302D /* TodoSharedTests.xctest */ = {isa = PBXFileReference; explicitFileType = wrapper.cfbundle; includeInIndex = 0; path = TodoSharedTests.xctest; sourceTree = BUILT_PRODUCTS_DIR; };
		6524C8342BA3495500B7302D /* TodoSharedTests-Bridging-Header.h */ = {isa = PBXFileReference; lastKnownFileType = sourcecode.c.h; path = "TodoSharedTests-Bridging-Header.h"; sourceTree = "<group>"; };
		6524C8352BA3495600B7302D /* ToDoManagerTests+Create.swift */ = {isa = PBXFileReference; lastKnownFileType = sourcecode.swift; path = "ToDoManagerTests+Create.swift"; sourceTree = "<group>"; };
		6524C8372BA349FB00B7302D /* Todo.h */ = {isa = PBXFileReference; fileEncoding = 4; lastKnownFileType = sourcecode.c.h; path = Todo.h; sourceTree = "<group>"; };
		6524C8382BA349FB00B7302D /* Todo.m */ = {isa = PBXFileReference; fileEncoding = 4; lastKnownFileType = sourcecode.c.objc; path = Todo.m; sourceTree = "<group>"; };
		6524C83E2BA34B2600B7302D /* TodoAdder.h */ = {isa = PBXFileReference; fileEncoding = 4; lastKnownFileType = sourcecode.c.h; path = TodoAdder.h; sourceTree = "<group>"; };
		6524C83F2BA34B2600B7302D /* TodoDeleter.h */ = {isa = PBXFileReference; fileEncoding = 4; lastKnownFileType = sourcecode.c.h; path = TodoDeleter.h; sourceTree = "<group>"; };
		6524C8402BA34B2600B7302D /* TodoLoader.h */ = {isa = PBXFileReference; fileEncoding = 4; lastKnownFileType = sourcecode.c.h; path = TodoLoader.h; sourceTree = "<group>"; };
		6524C8412BA34B2600B7302D /* TodoStatusUpdater.h */ = {isa = PBXFileReference; fileEncoding = 4; lastKnownFileType = sourcecode.c.h; path = TodoStatusUpdater.h; sourceTree = "<group>"; };
		6524C84B2BA34BDE00B7302D /* TodoManager.h */ = {isa = PBXFileReference; fileEncoding = 4; lastKnownFileType = sourcecode.c.h; path = TodoManager.h; sourceTree = "<group>"; };
		6524C84D2BA34BEB00B7302D /* TodoManager.m */ = {isa = PBXFileReference; fileEncoding = 4; lastKnownFileType = sourcecode.c.objc; path = TodoManager.m; sourceTree = "<group>"; };
		6524C84F2BA34C4A00B7302D /* TodoManager+TodoCreator.h */ = {isa = PBXFileReference; fileEncoding = 4; lastKnownFileType = sourcecode.c.h; path = "TodoManager+TodoCreator.h"; sourceTree = "<group>"; };
		6524C8502BA34C4A00B7302D /* TodoManager+TodoCreator.m */ = {isa = PBXFileReference; fileEncoding = 4; lastKnownFileType = sourcecode.c.objc; path = "TodoManager+TodoCreator.m"; sourceTree = "<group>"; };
		6524C8552BA34E5400B7302D /* TodoManager+TodoLoader.h */ = {isa = PBXFileReference; fileEncoding = 4; lastKnownFileType = sourcecode.c.h; path = "TodoManager+TodoLoader.h"; sourceTree = "<group>"; };
		6524C8562BA34E5400B7302D /* TodoManager+TodoLoader.m */ = {isa = PBXFileReference; fileEncoding = 4; lastKnownFileType = sourcecode.c.objc; path = "TodoManager+TodoLoader.m"; sourceTree = "<group>"; };
		6524C8592BA34E9E00B7302D /* ToDoManagerTests+Loader.swift */ = {isa = PBXFileReference; fileEncoding = 4; lastKnownFileType = sourcecode.swift; path = "ToDoManagerTests+Loader.swift"; sourceTree = "<group>"; };
		6524C85B2BA34F0900B7302D /* Helpers.swift */ = {isa = PBXFileReference; lastKnownFileType = sourcecode.swift; path = Helpers.swift; sourceTree = "<group>"; };
		6524C85D2BA3527300B7302D /* TodoManager+TodoDeleter.h */ = {isa = PBXFileReference; fileEncoding = 4; lastKnownFileType = sourcecode.c.h; path = "TodoManager+TodoDeleter.h"; sourceTree = "<group>"; };
		6524C85F2BA352B000B7302D /* TodoManager+TodoDeleter.m */ = {isa = PBXFileReference; fileEncoding = 4; lastKnownFileType = sourcecode.c.objc; path = "TodoManager+TodoDeleter.m"; sourceTree = "<group>"; };
		6524C8612BA35A0500B7302D /* ToDoManagerTests+Deleter.swift */ = {isa = PBXFileReference; fileEncoding = 4; lastKnownFileType = sourcecode.swift; path = "ToDoManagerTests+Deleter.swift"; sourceTree = "<group>"; };
		6524C8632BA3A7AD00B7302D /* ToDoManagerTests+NameUpdater.swift */ = {isa = PBXFileReference; fileEncoding = 4; lastKnownFileType = sourcecode.swift; path = "ToDoManagerTests+NameUpdater.swift"; sourceTree = "<group>"; };
		6524C8652BA3AD6E00B7302D /* TodoManager+TodoStatusUpdater.h */ = {isa = PBXFileReference; fileEncoding = 4; lastKnownFileType = sourcecode.c.h; path = "TodoManager+TodoStatusUpdater.h"; sourceTree = "<group>"; };
		6524C8672BA3ADB500B7302D /* TodoManager+TodoStatusUpdater.m */ = {isa = PBXFileReference; fileEncoding = 4; lastKnownFileType = sourcecode.c.objc; path = "TodoManager+TodoStatusUpdater.m"; sourceTree = "<group>"; };
		6524C86D2BA3BFEE00B7302D /* TodoNameUpdater.h */ = {isa = PBXFileReference; fileEncoding = 4; lastKnownFileType = sourcecode.c.h; path = TodoNameUpdater.h; sourceTree = "<group>"; };
		6524C86F2BA3C0A100B7302D /* TodoManager+TodoNameUpdater.h */ = {isa = PBXFileReference; fileEncoding = 4; lastKnownFileType = sourcecode.c.h; path = "TodoManager+TodoNameUpdater.h"; sourceTree = "<group>"; };
		6524C8712BA3C0BC00B7302D /* TodoManager+TodoNameUpdater.m */ = {isa = PBXFileReference; fileEncoding = 4; lastKnownFileType = sourcecode.c.objc; path = "TodoManager+TodoNameUpdater.m"; sourceTree = "<group>"; };
		6524C8732BA3C6EE00B7302D /* ToDoManagerTests+StatusUpdater.swift */ = {isa = PBXFileReference; fileEncoding = 4; lastKnownFileType = sourcecode.swift; path = "ToDoManagerTests+StatusUpdater.swift"; sourceTree = "<group>"; };
		6524C8762BA3E95700B7302D /* TodoListViewModel.swift */ = {isa = PBXFileReference; fileEncoding = 4; lastKnownFileType = sourcecode.swift; path = TodoListViewModel.swift; sourceTree = "<group>"; };
		6524C8782BA3EAEB00B7302D /* Helpers.swift */ = {isa = PBXFileReference; fileEncoding = 4; lastKnownFileType = sourcecode.swift; path = Helpers.swift; sourceTree = "<group>"; };
		6524C87C2BA3EC7B00B7302D /* IndexPath+Helper.swift */ = {isa = PBXFileReference; fileEncoding = 4; lastKnownFileType = sourcecode.swift; path = "IndexPath+Helper.swift"; sourceTree = "<group>"; };
		6524C87D2BA3EC7B00B7302D /* MainTodoListViewController.swift */ = {isa = PBXFileReference; fileEncoding = 4; lastKnownFileType = sourcecode.swift; path = MainTodoListViewController.swift; sourceTree = "<group>"; };
		6524C87E2BA3EC7B00B7302D /* TodoCell.swift */ = {isa = PBXFileReference; fileEncoding = 4; lastKnownFileType = sourcecode.swift; path = TodoCell.swift; sourceTree = "<group>"; };
		6524C8852BA3F35B00B7302D /* AddTodoViewModel.swift */ = {isa = PBXFileReference; fileEncoding = 4; lastKnownFileType = sourcecode.swift; path = AddTodoViewModel.swift; sourceTree = "<group>"; };
		6524C8872BA3F35B00B7302D /* EditTodoViewModel.swift */ = {isa = PBXFileReference; fileEncoding = 4; lastKnownFileType = sourcecode.swift; path = EditTodoViewModel.swift; sourceTree = "<group>"; };
		6524C8882BA3F35B00B7302D /* AddSubTodoViewModel.swift */ = {isa = PBXFileReference; fileEncoding = 4; lastKnownFileType = sourcecode.swift; path = AddSubTodoViewModel.swift; sourceTree = "<group>"; };
		6524C88E2BA3F3EB00B7302D /* AddTodoView.swift */ = {isa = PBXFileReference; fileEncoding = 4; lastKnownFileType = sourcecode.swift; path = AddTodoView.swift; sourceTree = "<group>"; };
		6524C88F2BA3F3EB00B7302D /* AddSubTodoView.swift */ = {isa = PBXFileReference; fileEncoding = 4; lastKnownFileType = sourcecode.swift; path = AddSubTodoView.swift; sourceTree = "<group>"; };
		6524C8922BA3F3F500B7302D /* EditTodoView.swift */ = {isa = PBXFileReference; fileEncoding = 4; lastKnownFileType = sourcecode.swift; path = EditTodoView.swift; sourceTree = "<group>"; };
/* End PBXFileReference section */

/* Begin PBXFrameworksBuildPhase section */
		6524C7F92BA3478900B7302D /* Frameworks */ = {
			isa = PBXFrameworksBuildPhase;
			buildActionMask = 2147483647;
			files = (
				6524C82B2BA347ED00B7302D /* TodoShared.framework in Frameworks */,
			);
			runOnlyForDeploymentPostprocessing = 0;
		};
		6524C8152BA347ED00B7302D /* Frameworks */ = {
			isa = PBXFrameworksBuildPhase;
			buildActionMask = 2147483647;
			files = (
			);
			runOnlyForDeploymentPostprocessing = 0;
		};
		6524C81C2BA347ED00B7302D /* Frameworks */ = {
			isa = PBXFrameworksBuildPhase;
			buildActionMask = 2147483647;
			files = (
				6524C8202BA347ED00B7302D /* TodoShared.framework in Frameworks */,
			);
			runOnlyForDeploymentPostprocessing = 0;
		};
/* End PBXFrameworksBuildPhase section */

/* Begin PBXGroup section */
		6520A6B92BB37B48004C1DE7 /* cache */ = {
			isa = PBXGroup;
			children = (
				6520A6BA2BB37BFC004C1DE7 /* LocalStore.swift */,
				6520A6BC2BB37C86004C1DE7 /* LocalTodo.swift */,
				6520A6BF2BB3825D004C1DE7 /* LocalTodoLoader.swift */,
			);
			path = cache;
			sourceTree = "<group>";
		};
		6520A6BE2BB37D00004C1DE7 /* InMemory */ = {
			isa = PBXGroup;
			children = (
				6520A6CF2BB3CAB6004C1DE7 /* Mover */,
				6524C86A2BA3AEC100B7302D /* Delete */,
				6524C8692BA3AEB500B7302D /* Update */,
				6524C86B2BA3AED000B7302D /* Loader */,
				6524C86C2BA3AEF700B7302D /* Creator */,
				6524C84D2BA34BEB00B7302D /* TodoManager.m */,
				6524C84B2BA34BDE00B7302D /* TodoManager.h */,
			);
			path = InMemory;
			sourceTree = "<group>";
		};
		6520A6C32BB38899004C1DE7 /* FileSystem */ = {
			isa = PBXGroup;
			children = (
				6520A6C42BB388BB004C1DE7 /* CodableTodoStore.swift */,
			);
			path = FileSystem;
			sourceTree = "<group>";
		};
		6520A6C62BB39471004C1DE7 /* Composers */ = {
			isa = PBXGroup;
			children = (
				6520A6C72BB39507004C1DE7 /* MainQueueDecorator.swift */,
				6520A6C92BB399ED004C1DE7 /* TodoCacheDecorator.swift */,
				6520A6CB2BB39CBD004C1DE7 /* TodoLoaderWithFallBackComposite.swift */,
			);
			path = Composers;
			sourceTree = "<group>";
		};
		6520A6CF2BB3CAB6004C1DE7 /* Mover */ = {
			isa = PBXGroup;
			children = (
				6520A6D02BB3CAE1004C1DE7 /* TodoManager+TodoMover.h */,
				6520A6D22BB3CB5B004C1DE7 /* TodoManager+TodoMover.m */,
			);
			path = Mover;
			sourceTree = "<group>";
		};
		6524C7F32BA3478900B7302D = {
			isa = PBXGroup;
			children = (
				6524C7FE2BA3478900B7302D /* RecursiveToDo */,
				6524C8192BA347ED00B7302D /* TodoShared */,
				6524C8252BA347ED00B7302D /* TodoSharedTests */,
				6524C7FD2BA3478900B7302D /* Products */,
			);
			sourceTree = "<group>";
		};
		6524C7FD2BA3478900B7302D /* Products */ = {
			isa = PBXGroup;
			children = (
				6524C7FC2BA3478900B7302D /* RecursiveToDo.app */,
				6524C8182BA347ED00B7302D /* TodoShared.framework */,
				6524C81F2BA347ED00B7302D /* TodoSharedTests.xctest */,
			);
			name = Products;
			sourceTree = "<group>";
		};
		6524C7FE2BA3478900B7302D /* RecursiveToDo */ = {
			isa = PBXGroup;
			children = (
				6520A6C62BB39471004C1DE7 /* Composers */,
				6524C87A2BA3EBE800B7302D /* UI */,
				6524C8752BA3E93700B7302D /* Presentation */,
				6524C7FF2BA3478900B7302D /* AppDelegate.swift */,
				6524C8012BA3478900B7302D /* SceneDelegate.swift */,
				6524C8082BA3478D00B7302D /* Assets.xcassets */,
				6524C80A2BA3478D00B7302D /* LaunchScreen.storyboard */,
				6524C80D2BA3478D00B7302D /* Info.plist */,
			);
			path = RecursiveToDo;
			sourceTree = "<group>";
		};
		6524C8192BA347ED00B7302D /* TodoShared */ = {
			isa = PBXGroup;
			children = (
				6520A6B92BB37B48004C1DE7 /* cache */,
				6524C84A2BA34BC500B7302D /* Infrastructure */,
				6524C8492BA34B4100B7302D /* Domain */,
				6524C81A2BA347ED00B7302D /* TodoShared.h */,
			);
			path = TodoShared;
			sourceTree = "<group>";
		};
		6524C8252BA347ED00B7302D /* TodoSharedTests */ = {
			isa = PBXGroup;
			children = (
				6524C8352BA3495600B7302D /* ToDoManagerTests+Create.swift */,
				6524C8632BA3A7AD00B7302D /* ToDoManagerTests+NameUpdater.swift */,
				6524C8732BA3C6EE00B7302D /* ToDoManagerTests+StatusUpdater.swift */,
				6524C8592BA34E9E00B7302D /* ToDoManagerTests+Loader.swift */,
				6524C8612BA35A0500B7302D /* ToDoManagerTests+Deleter.swift */,
				6524C8342BA3495500B7302D /* TodoSharedTests-Bridging-Header.h */,
				6524C85B2BA34F0900B7302D /* Helpers.swift */,
			);
			path = TodoSharedTests;
			sourceTree = "<group>";
		};
		6524C83A2BA349FB00B7302D /* Model */ = {
			isa = PBXGroup;
			children = (
				6524C8372BA349FB00B7302D /* Todo.h */,
				6524C8382BA349FB00B7302D /* Todo.m */,
			);
			path = Model;
			sourceTree = "<group>";
		};
		6524C8422BA34B2600B7302D /* UseCases */ = {
			isa = PBXGroup;
			children = (
				6524C83E2BA34B2600B7302D /* TodoAdder.h */,
				6520A6CD2BB3CA68004C1DE7 /* TodoMover.h */,
				6524C83F2BA34B2600B7302D /* TodoDeleter.h */,
				6524C8402BA34B2600B7302D /* TodoLoader.h */,
				6524C8412BA34B2600B7302D /* TodoStatusUpdater.h */,
				6524C86D2BA3BFEE00B7302D /* TodoNameUpdater.h */,
				6520A6C12BB383C1004C1DE7 /* TodoCache.swift */,
			);
			path = UseCases;
			sourceTree = "<group>";
		};
		6524C8492BA34B4100B7302D /* Domain */ = {
			isa = PBXGroup;
			children = (
				6524C8422BA34B2600B7302D /* UseCases */,
				6524C83A2BA349FB00B7302D /* Model */,
			);
			path = Domain;
			sourceTree = "<group>";
		};
		6524C84A2BA34BC500B7302D /* Infrastructure */ = {
			isa = PBXGroup;
			children = (
				6520A6C32BB38899004C1DE7 /* FileSystem */,
				6520A6BE2BB37D00004C1DE7 /* InMemory */,
			);
			path = Infrastructure;
			sourceTree = "<group>";
		};
		6524C8692BA3AEB500B7302D /* Update */ = {
			isa = PBXGroup;
			children = (
				6524C8652BA3AD6E00B7302D /* TodoManager+TodoStatusUpdater.h */,
				6524C8672BA3ADB500B7302D /* TodoManager+TodoStatusUpdater.m */,
				6524C86F2BA3C0A100B7302D /* TodoManager+TodoNameUpdater.h */,
				6524C8712BA3C0BC00B7302D /* TodoManager+TodoNameUpdater.m */,
			);
			path = Update;
			sourceTree = "<group>";
		};
		6524C86A2BA3AEC100B7302D /* Delete */ = {
			isa = PBXGroup;
			children = (
				6524C85D2BA3527300B7302D /* TodoManager+TodoDeleter.h */,
				6524C85F2BA352B000B7302D /* TodoManager+TodoDeleter.m */,
			);
			path = Delete;
			sourceTree = "<group>";
		};
		6524C86B2BA3AED000B7302D /* Loader */ = {
			isa = PBXGroup;
			children = (
				6524C8552BA34E5400B7302D /* TodoManager+TodoLoader.h */,
				6524C8562BA34E5400B7302D /* TodoManager+TodoLoader.m */,
			);
			path = Loader;
			sourceTree = "<group>";
		};
		6524C86C2BA3AEF700B7302D /* Creator */ = {
			isa = PBXGroup;
			children = (
				6524C84F2BA34C4A00B7302D /* TodoManager+TodoCreator.h */,
				6524C8502BA34C4A00B7302D /* TodoManager+TodoCreator.m */,
			);
			path = Creator;
			sourceTree = "<group>";
		};
		6524C8752BA3E93700B7302D /* Presentation */ = {
			isa = PBXGroup;
			children = (
				6524C8842BA3F34100B7302D /* EditPresentation */,
				6524C8832BA3F31C00B7302D /* MainPresentation */,
			);
			path = Presentation;
			sourceTree = "<group>";
		};
		6524C87A2BA3EBE800B7302D /* UI */ = {
			isa = PBXGroup;
			children = (
				6524C88D2BA3F35F00B7302D /* EditScene */,
				6524C87F2BA3EC7B00B7302D /* MainScene */,
			);
			path = UI;
			sourceTree = "<group>";
		};
		6524C87F2BA3EC7B00B7302D /* MainScene */ = {
			isa = PBXGroup;
			children = (
				6524C87C2BA3EC7B00B7302D /* IndexPath+Helper.swift */,
				6524C87D2BA3EC7B00B7302D /* MainTodoListViewController.swift */,
				6524C87E2BA3EC7B00B7302D /* TodoCell.swift */,
			);
			path = MainScene;
			sourceTree = "<group>";
		};
		6524C8832BA3F31C00B7302D /* MainPresentation */ = {
			isa = PBXGroup;
			children = (
				6524C8782BA3EAEB00B7302D /* Helpers.swift */,
				6524C8762BA3E95700B7302D /* TodoListViewModel.swift */,
			);
			path = MainPresentation;
			sourceTree = "<group>";
		};
		6524C8842BA3F34100B7302D /* EditPresentation */ = {
			isa = PBXGroup;
			children = (
				6524C8882BA3F35B00B7302D /* AddSubTodoViewModel.swift */,
				6524C8852BA3F35B00B7302D /* AddTodoViewModel.swift */,
				6524C8872BA3F35B00B7302D /* EditTodoViewModel.swift */,
			);
			path = EditPresentation;
			sourceTree = "<group>";
		};
		6524C88D2BA3F35F00B7302D /* EditScene */ = {
			isa = PBXGroup;
			children = (
				6524C8922BA3F3F500B7302D /* EditTodoView.swift */,
				6524C88F2BA3F3EB00B7302D /* AddSubTodoView.swift */,
				6524C88E2BA3F3EB00B7302D /* AddTodoView.swift */,
			);
			path = EditScene;
			sourceTree = "<group>";
		};
/* End PBXGroup section */

/* Begin PBXHeadersBuildPhase section */
		6524C8132BA347ED00B7302D /* Headers */ = {
			isa = PBXHeadersBuildPhase;
			buildActionMask = 2147483647;
			files = (
				6524C83B2BA349FB00B7302D /* Todo.h in Headers */,
				6524C8512BA34C4A00B7302D /* TodoManager+TodoCreator.h in Headers */,
				6524C85E2BA3527300B7302D /* TodoManager+TodoDeleter.h in Headers */,
				6524C8702BA3C0A100B7302D /* TodoManager+TodoNameUpdater.h in Headers */,
				6520A6CE2BB3CA68004C1DE7 /* TodoMover.h in Headers */,
				6524C8432BA34B2600B7302D /* TodoAdder.h in Headers */,
				6524C8462BA34B2600B7302D /* TodoStatusUpdater.h in Headers */,
				6524C8442BA34B2600B7302D /* TodoDeleter.h in Headers */,
				6524C8662BA3AD6E00B7302D /* TodoManager+TodoStatusUpdater.h in Headers */,
				6520A6D12BB3CAE1004C1DE7 /* TodoManager+TodoMover.h in Headers */,
				6524C84C2BA34BDE00B7302D /* TodoManager.h in Headers */,
				6524C8282BA347ED00B7302D /* TodoShared.h in Headers */,
				6524C8572BA34E5400B7302D /* TodoManager+TodoLoader.h in Headers */,
				6524C8452BA34B2600B7302D /* TodoLoader.h in Headers */,
				6524C86E2BA3BFEE00B7302D /* TodoNameUpdater.h in Headers */,
			);
			runOnlyForDeploymentPostprocessing = 0;
		};
/* End PBXHeadersBuildPhase section */

/* Begin PBXNativeTarget section */
		6524C7FB2BA3478900B7302D /* RecursiveToDo */ = {
			isa = PBXNativeTarget;
			buildConfigurationList = 6524C8102BA3478D00B7302D /* Build configuration list for PBXNativeTarget "RecursiveToDo" */;
			buildPhases = (
				6524C7F82BA3478900B7302D /* Sources */,
				6524C7F92BA3478900B7302D /* Frameworks */,
				6524C7FA2BA3478900B7302D /* Resources */,
				6524C8302BA347ED00B7302D /* Embed Frameworks */,
			);
			buildRules = (
			);
			dependencies = (
				6524C82A2BA347ED00B7302D /* PBXTargetDependency */,
			);
			name = RecursiveToDo;
			productName = RecursiveToDo;
			productReference = 6524C7FC2BA3478900B7302D /* RecursiveToDo.app */;
			productType = "com.apple.product-type.application";
		};
		6524C8172BA347ED00B7302D /* TodoShared */ = {
			isa = PBXNativeTarget;
			buildConfigurationList = 6524C82D2BA347ED00B7302D /* Build configuration list for PBXNativeTarget "TodoShared" */;
			buildPhases = (
				6524C8132BA347ED00B7302D /* Headers */,
				6524C8142BA347ED00B7302D /* Sources */,
				6524C8152BA347ED00B7302D /* Frameworks */,
				6524C8162BA347ED00B7302D /* Resources */,
			);
			buildRules = (
			);
			dependencies = (
			);
			name = TodoShared;
			productName = TodoShared;
			productReference = 6524C8182BA347ED00B7302D /* TodoShared.framework */;
			productType = "com.apple.product-type.framework";
		};
		6524C81E2BA347ED00B7302D /* TodoSharedTests */ = {
			isa = PBXNativeTarget;
			buildConfigurationList = 6524C8312BA347ED00B7302D /* Build configuration list for PBXNativeTarget "TodoSharedTests" */;
			buildPhases = (
				6524C81B2BA347ED00B7302D /* Sources */,
				6524C81C2BA347ED00B7302D /* Frameworks */,
				6524C81D2BA347ED00B7302D /* Resources */,
			);
			buildRules = (
			);
			dependencies = (
				6524C8222BA347ED00B7302D /* PBXTargetDependency */,
				6524C8242BA347ED00B7302D /* PBXTargetDependency */,
			);
			name = TodoSharedTests;
			productName = TodoSharedTests;
			productReference = 6524C81F2BA347ED00B7302D /* TodoSharedTests.xctest */;
			productType = "com.apple.product-type.bundle.unit-test";
		};
/* End PBXNativeTarget section */

/* Begin PBXProject section */
		6524C7F42BA3478900B7302D /* Project object */ = {
			isa = PBXProject;
			attributes = {
				BuildIndependentTargetsInParallel = 1;
				LastSwiftUpdateCheck = 1530;
				LastUpgradeCheck = 1530;
				TargetAttributes = {
					6524C7FB2BA3478900B7302D = {
						CreatedOnToolsVersion = 15.3;
					};
					6524C8172BA347ED00B7302D = {
						CreatedOnToolsVersion = 15.3;
						LastSwiftMigration = 1530;
					};
					6524C81E2BA347ED00B7302D = {
						CreatedOnToolsVersion = 15.3;
						LastSwiftMigration = 1530;
						TestTargetID = 6524C7FB2BA3478900B7302D;
					};
				};
			};
			buildConfigurationList = 6524C7F72BA3478900B7302D /* Build configuration list for PBXProject "RecursiveToDo" */;
			compatibilityVersion = "Xcode 14.0";
			developmentRegion = en;
			hasScannedForEncodings = 0;
			knownRegions = (
				en,
				Base,
			);
			mainGroup = 6524C7F32BA3478900B7302D;
			productRefGroup = 6524C7FD2BA3478900B7302D /* Products */;
			projectDirPath = "";
			projectRoot = "";
			targets = (
				6524C7FB2BA3478900B7302D /* RecursiveToDo */,
				6524C8172BA347ED00B7302D /* TodoShared */,
				6524C81E2BA347ED00B7302D /* TodoSharedTests */,
			);
		};
/* End PBXProject section */

/* Begin PBXResourcesBuildPhase section */
		6524C7FA2BA3478900B7302D /* Resources */ = {
			isa = PBXResourcesBuildPhase;
			buildActionMask = 2147483647;
			files = (
				6524C8092BA3478D00B7302D /* Assets.xcassets in Resources */,
				6524C80C2BA3478D00B7302D /* Base in Resources */,
			);
			runOnlyForDeploymentPostprocessing = 0;
		};
		6524C8162BA347ED00B7302D /* Resources */ = {
			isa = PBXResourcesBuildPhase;
			buildActionMask = 2147483647;
			files = (
			);
			runOnlyForDeploymentPostprocessing = 0;
		};
		6524C81D2BA347ED00B7302D /* Resources */ = {
			isa = PBXResourcesBuildPhase;
			buildActionMask = 2147483647;
			files = (
			);
			runOnlyForDeploymentPostprocessing = 0;
		};
/* End PBXResourcesBuildPhase section */

/* Begin PBXSourcesBuildPhase section */
		6524C7F82BA3478900B7302D /* Sources */ = {
			isa = PBXSourcesBuildPhase;
			buildActionMask = 2147483647;
			files = (
				6524C8912BA3F3EC00B7302D /* AddSubTodoView.swift in Sources */,
				6524C8772BA3E95700B7302D /* TodoListViewModel.swift in Sources */,
				6524C8812BA3EC7B00B7302D /* MainTodoListViewController.swift in Sources */,
				6524C8902BA3F3EC00B7302D /* AddTodoView.swift in Sources */,
				6520A6CA2BB399ED004C1DE7 /* TodoCacheDecorator.swift in Sources */,
				6524C8002BA3478900B7302D /* AppDelegate.swift in Sources */,
				6524C8932BA3F3F500B7302D /* EditTodoView.swift in Sources */,
				6524C8792BA3EAEB00B7302D /* Helpers.swift in Sources */,
				6524C8022BA3478900B7302D /* SceneDelegate.swift in Sources */,
				6520A6C82BB39507004C1DE7 /* MainQueueDecorator.swift in Sources */,
				6524C8802BA3EC7B00B7302D /* IndexPath+Helper.swift in Sources */,
				6524C8892BA3F35B00B7302D /* AddTodoViewModel.swift in Sources */,
				6520A6CC2BB39CBD004C1DE7 /* TodoLoaderWithFallBackComposite.swift in Sources */,
				6524C88C2BA3F35B00B7302D /* AddSubTodoViewModel.swift in Sources */,
				6524C8822BA3EC7B00B7302D /* TodoCell.swift in Sources */,
				6524C88B2BA3F35B00B7302D /* EditTodoViewModel.swift in Sources */,
			);
			runOnlyForDeploymentPostprocessing = 0;
		};
		6524C8142BA347ED00B7302D /* Sources */ = {
			isa = PBXSourcesBuildPhase;
			buildActionMask = 2147483647;
			files = (
				6524C8582BA34E5400B7302D /* TodoManager+TodoLoader.m in Sources */,
				6524C83C2BA349FB00B7302D /* Todo.m in Sources */,
				6520A6C02BB3825D004C1DE7 /* LocalTodoLoader.swift in Sources */,
				6520A6D32BB3CB5B004C1DE7 /* TodoManager+TodoMover.m in Sources */,
				6524C8602BA352B000B7302D /* TodoManager+TodoDeleter.m in Sources */,
				6520A6BB2BB37BFC004C1DE7 /* LocalStore.swift in Sources */,
				6524C8682BA3ADB500B7302D /* TodoManager+TodoStatusUpdater.m in Sources */,
				6520A6BD2BB37C86004C1DE7 /* LocalTodo.swift in Sources */,
				6520A6C22BB383C1004C1DE7 /* TodoCache.swift in Sources */,
				6524C8722BA3C0BC00B7302D /* TodoManager+TodoNameUpdater.m in Sources */,
				6524C8522BA34C4A00B7302D /* TodoManager+TodoCreator.m in Sources */,
				6520A6C52BB388BB004C1DE7 /* CodableTodoStore.swift in Sources */,
				6524C84E2BA34BEB00B7302D /* TodoManager.m in Sources */,
			);
			runOnlyForDeploymentPostprocessing = 0;
		};
		6524C81B2BA347ED00B7302D /* Sources */ = {
			isa = PBXSourcesBuildPhase;
			buildActionMask = 2147483647;
			files = (
				6524C85A2BA34E9E00B7302D /* ToDoManagerTests+Loader.swift in Sources */,
				6524C8622BA35A0500B7302D /* ToDoManagerTests+Deleter.swift in Sources */,
				6524C85C2BA34F0900B7302D /* Helpers.swift in Sources */,
				6524C8642BA3A7AD00B7302D /* ToDoManagerTests+NameUpdater.swift in Sources */,
				6524C8362BA3495600B7302D /* ToDoManagerTests+Create.swift in Sources */,
				6524C8742BA3C6EE00B7302D /* ToDoManagerTests+StatusUpdater.swift in Sources */,
			);
			runOnlyForDeploymentPostprocessing = 0;
		};
/* End PBXSourcesBuildPhase section */

/* Begin PBXTargetDependency section */
		6524C8222BA347ED00B7302D /* PBXTargetDependency */ = {
			isa = PBXTargetDependency;
			target = 6524C8172BA347ED00B7302D /* TodoShared */;
			targetProxy = 6524C8212BA347ED00B7302D /* PBXContainerItemProxy */;
		};
		6524C8242BA347ED00B7302D /* PBXTargetDependency */ = {
			isa = PBXTargetDependency;
			target = 6524C7FB2BA3478900B7302D /* RecursiveToDo */;
			targetProxy = 6524C8232BA347ED00B7302D /* PBXContainerItemProxy */;
		};
		6524C82A2BA347ED00B7302D /* PBXTargetDependency */ = {
			isa = PBXTargetDependency;
			target = 6524C8172BA347ED00B7302D /* TodoShared */;
			targetProxy = 6524C8292BA347ED00B7302D /* PBXContainerItemProxy */;
		};
/* End PBXTargetDependency section */

/* Begin PBXVariantGroup section */
		6524C80A2BA3478D00B7302D /* LaunchScreen.storyboard */ = {
			isa = PBXVariantGroup;
			children = (
				6524C80B2BA3478D00B7302D /* Base */,
			);
			name = LaunchScreen.storyboard;
			sourceTree = "<group>";
		};
/* End PBXVariantGroup section */

/* Begin XCBuildConfiguration section */
		6524C80E2BA3478D00B7302D /* Debug */ = {
			isa = XCBuildConfiguration;
			buildSettings = {
				ALWAYS_SEARCH_USER_PATHS = NO;
				ASSETCATALOG_COMPILER_GENERATE_SWIFT_ASSET_SYMBOL_EXTENSIONS = YES;
				CLANG_ANALYZER_NONNULL = YES;
				CLANG_ANALYZER_NUMBER_OBJECT_CONVERSION = YES_AGGRESSIVE;
				CLANG_CXX_LANGUAGE_STANDARD = "gnu++20";
				CLANG_ENABLE_MODULES = YES;
				CLANG_ENABLE_OBJC_ARC = YES;
				CLANG_ENABLE_OBJC_WEAK = YES;
				CLANG_WARN_BLOCK_CAPTURE_AUTORELEASING = YES;
				CLANG_WARN_BOOL_CONVERSION = YES;
				CLANG_WARN_COMMA = YES;
				CLANG_WARN_CONSTANT_CONVERSION = YES;
				CLANG_WARN_DEPRECATED_OBJC_IMPLEMENTATIONS = YES;
				CLANG_WARN_DIRECT_OBJC_ISA_USAGE = YES_ERROR;
				CLANG_WARN_DOCUMENTATION_COMMENTS = YES;
				CLANG_WARN_EMPTY_BODY = YES;
				CLANG_WARN_ENUM_CONVERSION = YES;
				CLANG_WARN_INFINITE_RECURSION = YES;
				CLANG_WARN_INT_CONVERSION = YES;
				CLANG_WARN_NON_LITERAL_NULL_CONVERSION = YES;
				CLANG_WARN_OBJC_IMPLICIT_RETAIN_SELF = YES;
				CLANG_WARN_OBJC_LITERAL_CONVERSION = YES;
				CLANG_WARN_OBJC_ROOT_CLASS = YES_ERROR;
				CLANG_WARN_QUOTED_INCLUDE_IN_FRAMEWORK_HEADER = YES;
				CLANG_WARN_RANGE_LOOP_ANALYSIS = YES;
				CLANG_WARN_STRICT_PROTOTYPES = YES;
				CLANG_WARN_SUSPICIOUS_MOVE = YES;
				CLANG_WARN_UNGUARDED_AVAILABILITY = YES_AGGRESSIVE;
				CLANG_WARN_UNREACHABLE_CODE = YES;
				CLANG_WARN__DUPLICATE_METHOD_MATCH = YES;
				COPY_PHASE_STRIP = NO;
				DEBUG_INFORMATION_FORMAT = dwarf;
				ENABLE_STRICT_OBJC_MSGSEND = YES;
				ENABLE_TESTABILITY = YES;
				ENABLE_USER_SCRIPT_SANDBOXING = YES;
				GCC_C_LANGUAGE_STANDARD = gnu17;
				GCC_DYNAMIC_NO_PIC = NO;
				GCC_NO_COMMON_BLOCKS = YES;
				GCC_OPTIMIZATION_LEVEL = 0;
				GCC_PREPROCESSOR_DEFINITIONS = (
					"DEBUG=1",
					"$(inherited)",
				);
				GCC_WARN_64_TO_32_BIT_CONVERSION = YES;
				GCC_WARN_ABOUT_RETURN_TYPE = YES_ERROR;
				GCC_WARN_UNDECLARED_SELECTOR = YES;
				GCC_WARN_UNINITIALIZED_AUTOS = YES_AGGRESSIVE;
				GCC_WARN_UNUSED_FUNCTION = YES;
				GCC_WARN_UNUSED_VARIABLE = YES;
				IPHONEOS_DEPLOYMENT_TARGET = 17.4;
				LOCALIZATION_PREFERS_STRING_CATALOGS = YES;
				MTL_ENABLE_DEBUG_INFO = INCLUDE_SOURCE;
				MTL_FAST_MATH = YES;
				ONLY_ACTIVE_ARCH = YES;
				SDKROOT = iphoneos;
				SWIFT_ACTIVE_COMPILATION_CONDITIONS = "DEBUG $(inherited)";
				SWIFT_OPTIMIZATION_LEVEL = "-Onone";
			};
			name = Debug;
		};
		6524C80F2BA3478D00B7302D /* Release */ = {
			isa = XCBuildConfiguration;
			buildSettings = {
				ALWAYS_SEARCH_USER_PATHS = NO;
				ASSETCATALOG_COMPILER_GENERATE_SWIFT_ASSET_SYMBOL_EXTENSIONS = YES;
				CLANG_ANALYZER_NONNULL = YES;
				CLANG_ANALYZER_NUMBER_OBJECT_CONVERSION = YES_AGGRESSIVE;
				CLANG_CXX_LANGUAGE_STANDARD = "gnu++20";
				CLANG_ENABLE_MODULES = YES;
				CLANG_ENABLE_OBJC_ARC = YES;
				CLANG_ENABLE_OBJC_WEAK = YES;
				CLANG_WARN_BLOCK_CAPTURE_AUTORELEASING = YES;
				CLANG_WARN_BOOL_CONVERSION = YES;
				CLANG_WARN_COMMA = YES;
				CLANG_WARN_CONSTANT_CONVERSION = YES;
				CLANG_WARN_DEPRECATED_OBJC_IMPLEMENTATIONS = YES;
				CLANG_WARN_DIRECT_OBJC_ISA_USAGE = YES_ERROR;
				CLANG_WARN_DOCUMENTATION_COMMENTS = YES;
				CLANG_WARN_EMPTY_BODY = YES;
				CLANG_WARN_ENUM_CONVERSION = YES;
				CLANG_WARN_INFINITE_RECURSION = YES;
				CLANG_WARN_INT_CONVERSION = YES;
				CLANG_WARN_NON_LITERAL_NULL_CONVERSION = YES;
				CLANG_WARN_OBJC_IMPLICIT_RETAIN_SELF = YES;
				CLANG_WARN_OBJC_LITERAL_CONVERSION = YES;
				CLANG_WARN_OBJC_ROOT_CLASS = YES_ERROR;
				CLANG_WARN_QUOTED_INCLUDE_IN_FRAMEWORK_HEADER = YES;
				CLANG_WARN_RANGE_LOOP_ANALYSIS = YES;
				CLANG_WARN_STRICT_PROTOTYPES = YES;
				CLANG_WARN_SUSPICIOUS_MOVE = YES;
				CLANG_WARN_UNGUARDED_AVAILABILITY = YES_AGGRESSIVE;
				CLANG_WARN_UNREACHABLE_CODE = YES;
				CLANG_WARN__DUPLICATE_METHOD_MATCH = YES;
				COPY_PHASE_STRIP = NO;
				DEBUG_INFORMATION_FORMAT = "dwarf-with-dsym";
				ENABLE_NS_ASSERTIONS = NO;
				ENABLE_STRICT_OBJC_MSGSEND = YES;
				ENABLE_USER_SCRIPT_SANDBOXING = YES;
				GCC_C_LANGUAGE_STANDARD = gnu17;
				GCC_NO_COMMON_BLOCKS = YES;
				GCC_WARN_64_TO_32_BIT_CONVERSION = YES;
				GCC_WARN_ABOUT_RETURN_TYPE = YES_ERROR;
				GCC_WARN_UNDECLARED_SELECTOR = YES;
				GCC_WARN_UNINITIALIZED_AUTOS = YES_AGGRESSIVE;
				GCC_WARN_UNUSED_FUNCTION = YES;
				GCC_WARN_UNUSED_VARIABLE = YES;
				IPHONEOS_DEPLOYMENT_TARGET = 17.4;
				LOCALIZATION_PREFERS_STRING_CATALOGS = YES;
				MTL_ENABLE_DEBUG_INFO = NO;
				MTL_FAST_MATH = YES;
				SDKROOT = iphoneos;
				SWIFT_COMPILATION_MODE = wholemodule;
				VALIDATE_PRODUCT = YES;
			};
			name = Release;
		};
		6524C8112BA3478D00B7302D /* Debug */ = {
			isa = XCBuildConfiguration;
			buildSettings = {
				ALWAYS_EMBED_SWIFT_STANDARD_LIBRARIES = YES;
				ASSETCATALOG_COMPILER_APPICON_NAME = AppIcon;
				ASSETCATALOG_COMPILER_GLOBAL_ACCENT_COLOR_NAME = AccentColor;
				CODE_SIGN_STYLE = Automatic;
				CURRENT_PROJECT_VERSION = 1;
				DEVELOPMENT_TEAM = ADTR2923N7;
				GENERATE_INFOPLIST_FILE = YES;
				INFOPLIST_FILE = RecursiveToDo/Info.plist;
				INFOPLIST_KEY_UIApplicationSupportsIndirectInputEvents = YES;
				INFOPLIST_KEY_UILaunchStoryboardName = LaunchScreen;
				INFOPLIST_KEY_UISupportedInterfaceOrientations_iPad = "UIInterfaceOrientationPortrait UIInterfaceOrientationPortraitUpsideDown UIInterfaceOrientationLandscapeLeft UIInterfaceOrientationLandscapeRight";
				INFOPLIST_KEY_UISupportedInterfaceOrientations_iPhone = "UIInterfaceOrientationPortrait UIInterfaceOrientationLandscapeLeft UIInterfaceOrientationLandscapeRight";
				LD_RUNPATH_SEARCH_PATHS = (
					"$(inherited)",
					"@executable_path/Frameworks",
				);
				MARKETING_VERSION = 1.0;
				PRODUCT_BUNDLE_IDENTIFIER = abdul.RecursiveToDo;
				PRODUCT_NAME = "$(TARGET_NAME)";
				SWIFT_EMIT_LOC_STRINGS = YES;
				SWIFT_VERSION = 5.0;
				TARGETED_DEVICE_FAMILY = "1,2";
			};
			name = Debug;
		};
		6524C8122BA3478D00B7302D /* Release */ = {
			isa = XCBuildConfiguration;
			buildSettings = {
				ALWAYS_EMBED_SWIFT_STANDARD_LIBRARIES = YES;
				ASSETCATALOG_COMPILER_APPICON_NAME = AppIcon;
				ASSETCATALOG_COMPILER_GLOBAL_ACCENT_COLOR_NAME = AccentColor;
				CODE_SIGN_STYLE = Automatic;
				CURRENT_PROJECT_VERSION = 1;
				DEVELOPMENT_TEAM = ADTR2923N7;
				GENERATE_INFOPLIST_FILE = YES;
				INFOPLIST_FILE = RecursiveToDo/Info.plist;
				INFOPLIST_KEY_UIApplicationSupportsIndirectInputEvents = YES;
				INFOPLIST_KEY_UILaunchStoryboardName = LaunchScreen;
				INFOPLIST_KEY_UISupportedInterfaceOrientations_iPad = "UIInterfaceOrientationPortrait UIInterfaceOrientationPortraitUpsideDown UIInterfaceOrientationLandscapeLeft UIInterfaceOrientationLandscapeRight";
				INFOPLIST_KEY_UISupportedInterfaceOrientations_iPhone = "UIInterfaceOrientationPortrait UIInterfaceOrientationLandscapeLeft UIInterfaceOrientationLandscapeRight";
				LD_RUNPATH_SEARCH_PATHS = (
					"$(inherited)",
					"@executable_path/Frameworks",
				);
				MARKETING_VERSION = 1.0;
				PRODUCT_BUNDLE_IDENTIFIER = abdul.RecursiveToDo;
				PRODUCT_NAME = "$(TARGET_NAME)";
				SWIFT_EMIT_LOC_STRINGS = YES;
				SWIFT_VERSION = 5.0;
				TARGETED_DEVICE_FAMILY = "1,2";
			};
			name = Release;
		};
		6524C82E2BA347ED00B7302D /* Debug */ = {
			isa = XCBuildConfiguration;
			buildSettings = {
				CLANG_ENABLE_MODULES = YES;
				CLANG_ENABLE_OBJC_ARC = NO;
				CODE_SIGN_STYLE = Automatic;
				CURRENT_PROJECT_VERSION = 1;
				DEFINES_MODULE = YES;
				DEVELOPMENT_TEAM = ADTR2923N7;
				DYLIB_COMPATIBILITY_VERSION = 1;
				DYLIB_CURRENT_VERSION = 1;
				DYLIB_INSTALL_NAME_BASE = "@rpath";
				ENABLE_MODULE_VERIFIER = YES;
				GENERATE_INFOPLIST_FILE = YES;
				INFOPLIST_KEY_NSHumanReadableCopyright = "";
				INSTALL_PATH = "$(LOCAL_LIBRARY_DIR)/Frameworks";
				LD_RUNPATH_SEARCH_PATHS = (
					"$(inherited)",
					"@executable_path/Frameworks",
					"@loader_path/Frameworks",
				);
				MARKETING_VERSION = 1.0;
				MODULE_VERIFIER_SUPPORTED_LANGUAGES = "objective-c objective-c++";
				MODULE_VERIFIER_SUPPORTED_LANGUAGE_STANDARDS = "gnu17 gnu++20";
				PRODUCT_BUNDLE_IDENTIFIER = abdul.TodoShared;
				PRODUCT_NAME = "$(TARGET_NAME:c99extidentifier)";
				SKIP_INSTALL = YES;
				SWIFT_EMIT_LOC_STRINGS = YES;
				SWIFT_OPTIMIZATION_LEVEL = "-Onone";
				SWIFT_VERSION = 5.0;
				TARGETED_DEVICE_FAMILY = "1,2";
				VERSIONING_SYSTEM = "apple-generic";
				VERSION_INFO_PREFIX = "";
			};
			name = Debug;
		};
		6524C82F2BA347ED00B7302D /* Release */ = {
			isa = XCBuildConfiguration;
			buildSettings = {
				CLANG_ENABLE_MODULES = YES;
				CLANG_ENABLE_OBJC_ARC = NO;
				CODE_SIGN_STYLE = Automatic;
				CURRENT_PROJECT_VERSION = 1;
				DEFINES_MODULE = YES;
				DEVELOPMENT_TEAM = ADTR2923N7;
				DYLIB_COMPATIBILITY_VERSION = 1;
				DYLIB_CURRENT_VERSION = 1;
				DYLIB_INSTALL_NAME_BASE = "@rpath";
				ENABLE_MODULE_VERIFIER = YES;
				GENERATE_INFOPLIST_FILE = YES;
				INFOPLIST_KEY_NSHumanReadableCopyright = "";
				INSTALL_PATH = "$(LOCAL_LIBRARY_DIR)/Frameworks";
				LD_RUNPATH_SEARCH_PATHS = (
					"$(inherited)",
					"@executable_path/Frameworks",
					"@loader_path/Frameworks",
				);
				MARKETING_VERSION = 1.0;
				MODULE_VERIFIER_SUPPORTED_LANGUAGES = "objective-c objective-c++";
				MODULE_VERIFIER_SUPPORTED_LANGUAGE_STANDARDS = "gnu17 gnu++20";
				PRODUCT_BUNDLE_IDENTIFIER = abdul.TodoShared;
				PRODUCT_NAME = "$(TARGET_NAME:c99extidentifier)";
				SKIP_INSTALL = YES;
				SWIFT_EMIT_LOC_STRINGS = YES;
				SWIFT_VERSION = 5.0;
				TARGETED_DEVICE_FAMILY = "1,2";
				VERSIONING_SYSTEM = "apple-generic";
				VERSION_INFO_PREFIX = "";
			};
			name = Release;
		};
		6524C8322BA347ED00B7302D /* Debug */ = {
			isa = XCBuildConfiguration;
			buildSettings = {
				ALWAYS_EMBED_SWIFT_STANDARD_LIBRARIES = YES;
				CLANG_ENABLE_MODULES = YES;
				CODE_SIGN_STYLE = Automatic;
				CURRENT_PROJECT_VERSION = 1;
				DEVELOPMENT_TEAM = ADTR2923N7;
				GENERATE_INFOPLIST_FILE = YES;
				MARKETING_VERSION = 1.0;
				PRODUCT_BUNDLE_IDENTIFIER = abdul.TodoSharedTests;
				PRODUCT_NAME = "$(TARGET_NAME)";
				SWIFT_EMIT_LOC_STRINGS = NO;
				SWIFT_OBJC_BRIDGING_HEADER = "TodoSharedTests/TodoSharedTests-Bridging-Header.h";
				SWIFT_OPTIMIZATION_LEVEL = "-Onone";
				SWIFT_VERSION = 5.0;
				TARGETED_DEVICE_FAMILY = "1,2";
				TEST_HOST = "$(BUILT_PRODUCTS_DIR)/RecursiveToDo.app/$(BUNDLE_EXECUTABLE_FOLDER_PATH)/RecursiveToDo";
			};
			name = Debug;
		};
		6524C8332BA347ED00B7302D /* Release */ = {
			isa = XCBuildConfiguration;
			buildSettings = {
				ALWAYS_EMBED_SWIFT_STANDARD_LIBRARIES = YES;
				CLANG_ENABLE_MODULES = YES;
				CODE_SIGN_STYLE = Automatic;
				CURRENT_PROJECT_VERSION = 1;
				DEVELOPMENT_TEAM = ADTR2923N7;
				GENERATE_INFOPLIST_FILE = YES;
				MARKETING_VERSION = 1.0;
				PRODUCT_BUNDLE_IDENTIFIER = abdul.TodoSharedTests;
				PRODUCT_NAME = "$(TARGET_NAME)";
				SWIFT_EMIT_LOC_STRINGS = NO;
				SWIFT_OBJC_BRIDGING_HEADER = "TodoSharedTests/TodoSharedTests-Bridging-Header.h";
				SWIFT_VERSION = 5.0;
				TARGETED_DEVICE_FAMILY = "1,2";
				TEST_HOST = "$(BUILT_PRODUCTS_DIR)/RecursiveToDo.app/$(BUNDLE_EXECUTABLE_FOLDER_PATH)/RecursiveToDo";
			};
			name = Release;
		};
/* End XCBuildConfiguration section */

/* Begin XCConfigurationList section */
		6524C7F72BA3478900B7302D /* Build configuration list for PBXProject "RecursiveToDo" */ = {
			isa = XCConfigurationList;
			buildConfigurations = (
				6524C80E2BA3478D00B7302D /* Debug */,
				6524C80F2BA3478D00B7302D /* Release */,
			);
			defaultConfigurationIsVisible = 0;
			defaultConfigurationName = Release;
		};
		6524C8102BA3478D00B7302D /* Build configuration list for PBXNativeTarget "RecursiveToDo" */ = {
			isa = XCConfigurationList;
			buildConfigurations = (
				6524C8112BA3478D00B7302D /* Debug */,
				6524C8122BA3478D00B7302D /* Release */,
			);
			defaultConfigurationIsVisible = 0;
			defaultConfigurationName = Release;
		};
		6524C82D2BA347ED00B7302D /* Build configuration list for PBXNativeTarget "TodoShared" */ = {
			isa = XCConfigurationList;
			buildConfigurations = (
				6524C82E2BA347ED00B7302D /* Debug */,
				6524C82F2BA347ED00B7302D /* Release */,
			);
			defaultConfigurationIsVisible = 0;
			defaultConfigurationName = Release;
		};
		6524C8312BA347ED00B7302D /* Build configuration list for PBXNativeTarget "TodoSharedTests" */ = {
			isa = XCConfigurationList;
			buildConfigurations = (
				6524C8322BA347ED00B7302D /* Debug */,
				6524C8332BA347ED00B7302D /* Release */,
			);
			defaultConfigurationIsVisible = 0;
			defaultConfigurationName = Release;
		};
/* End XCConfigurationList section */
	};
	rootObject = 6524C7F42BA3478900B7302D /* Project object */;
}
